// !$*UTF8*$!
{
	archiveVersion = 1;
	classes = {
	};
	objectVersion = 50;
	objects = {

/* Begin PBXBuildFile section */
		618B746E13004255E6FA886A /* Pods_DiamondHacks.framework in Frameworks */ = {isa = PBXBuildFile; fileRef = 0512DDD646597CE3530989A1 /* Pods_DiamondHacks.framework */; };
		BC1D81A3222B30CE00A568A3 /* schema.json in Resources */ = {isa = PBXBuildFile; fileRef = BC1D81A2222B30CE00A568A3 /* schema.json */; };
		BC1D81A5222B312F00A568A3 /* api.graphql in Resources */ = {isa = PBXBuildFile; fileRef = BC1D81A4222B312F00A568A3 /* api.graphql */; };
		BC1D81A7222B327F00A568A3 /* API.swift in Sources */ = {isa = PBXBuildFile; fileRef = BC1D81A6222B327F00A568A3 /* API.swift */; };
		BC455124222B1DED00799016 /* AppDelegate.swift in Sources */ = {isa = PBXBuildFile; fileRef = BC455123222B1DED00799016 /* AppDelegate.swift */; };
		BC455126222B1DED00799016 /* ViewController.swift in Sources */ = {isa = PBXBuildFile; fileRef = BC455125222B1DED00799016 /* ViewController.swift */; };
		BC455129222B1DED00799016 /* Main.storyboard in Resources */ = {isa = PBXBuildFile; fileRef = BC455127222B1DED00799016 /* Main.storyboard */; };
		BC45512B222B1DEE00799016 /* Assets.xcassets in Resources */ = {isa = PBXBuildFile; fileRef = BC45512A222B1DEE00799016 /* Assets.xcassets */; };
		BC45512E222B1DEE00799016 /* LaunchScreen.storyboard in Resources */ = {isa = PBXBuildFile; fileRef = BC45512C222B1DEE00799016 /* LaunchScreen.storyboard */; };
/* End PBXBuildFile section */

/* Begin PBXFileReference section */
		0512DDD646597CE3530989A1 /* Pods_DiamondHacks.framework */ = {isa = PBXFileReference; explicitFileType = wrapper.framework; includeInIndex = 0; path = Pods_DiamondHacks.framework; sourceTree = BUILT_PRODUCTS_DIR; };
		551C706B3998E8AF9AD3DA6E /* Pods-DiamondHacks.debug.xcconfig */ = {isa = PBXFileReference; includeInIndex = 1; lastKnownFileType = text.xcconfig; name = "Pods-DiamondHacks.debug.xcconfig"; path = "Pods/Target Support Files/Pods-DiamondHacks/Pods-DiamondHacks.debug.xcconfig"; sourceTree = "<group>"; };
		BC1D81A2222B30CE00A568A3 /* schema.json */ = {isa = PBXFileReference; fileEncoding = 4; lastKnownFileType = text.json; path = schema.json; sourceTree = "<group>"; };
		BC1D81A4222B312F00A568A3 /* api.graphql */ = {isa = PBXFileReference; lastKnownFileType = text; path = api.graphql; sourceTree = "<group>"; };
		BC1D81A6222B327F00A568A3 /* API.swift */ = {isa = PBXFileReference; fileEncoding = 4; lastKnownFileType = sourcecode.swift; path = API.swift; sourceTree = "<group>"; };
		BC455120222B1DED00799016 /* DiamondHacks.app */ = {isa = PBXFileReference; explicitFileType = wrapper.application; includeInIndex = 0; path = DiamondHacks.app; sourceTree = BUILT_PRODUCTS_DIR; };
		BC455123222B1DED00799016 /* AppDelegate.swift */ = {isa = PBXFileReference; lastKnownFileType = sourcecode.swift; path = AppDelegate.swift; sourceTree = "<group>"; };
		BC455125222B1DED00799016 /* ViewController.swift */ = {isa = PBXFileReference; lastKnownFileType = sourcecode.swift; path = ViewController.swift; sourceTree = "<group>"; };
		BC455128222B1DED00799016 /* Base */ = {isa = PBXFileReference; lastKnownFileType = file.storyboard; name = Base; path = Base.lproj/Main.storyboard; sourceTree = "<group>"; };
		BC45512A222B1DEE00799016 /* Assets.xcassets */ = {isa = PBXFileReference; lastKnownFileType = folder.assetcatalog; path = Assets.xcassets; sourceTree = "<group>"; };
		BC45512D222B1DEE00799016 /* Base */ = {isa = PBXFileReference; lastKnownFileType = file.storyboard; name = Base; path = Base.lproj/LaunchScreen.storyboard; sourceTree = "<group>"; };
		BC45512F222B1DEE00799016 /* Info.plist */ = {isa = PBXFileReference; lastKnownFileType = text.plist.xml; path = Info.plist; sourceTree = "<group>"; };
		D4CE95BC5A0DAA9562F99F2C /* Pods-DiamondHacks.release.xcconfig */ = {isa = PBXFileReference; includeInIndex = 1; lastKnownFileType = text.xcconfig; name = "Pods-DiamondHacks.release.xcconfig"; path = "Pods/Target Support Files/Pods-DiamondHacks/Pods-DiamondHacks.release.xcconfig"; sourceTree = "<group>"; };
/* End PBXFileReference section */

/* Begin PBXFrameworksBuildPhase section */
		BC45511D222B1DED00799016 /* Frameworks */ = {
			isa = PBXFrameworksBuildPhase;
			buildActionMask = 2147483647;
			files = (
				618B746E13004255E6FA886A /* Pods_DiamondHacks.framework in Frameworks */,
			);
			runOnlyForDeploymentPostprocessing = 0;
		};
/* End PBXFrameworksBuildPhase section */

/* Begin PBXGroup section */
		B393C2F64D870806A1ABEDC9 /* Pods */ = {
			isa = PBXGroup;
			children = (
				551C706B3998E8AF9AD3DA6E /* Pods-DiamondHacks.debug.xcconfig */,
				D4CE95BC5A0DAA9562F99F2C /* Pods-DiamondHacks.release.xcconfig */,
			);
			name = Pods;
			sourceTree = "<group>";
		};
		BC455117222B1DED00799016 = {
			isa = PBXGroup;
			children = (
				BC455122222B1DED00799016 /* DiamondHacks */,
				BC455121222B1DED00799016 /* Products */,
				B393C2F64D870806A1ABEDC9 /* Pods */,
				DBF57F01A5B60B3C8C1C737B /* Frameworks */,
			);
			sourceTree = "<group>";
		};
		BC455121222B1DED00799016 /* Products */ = {
			isa = PBXGroup;
			children = (
				BC455120222B1DED00799016 /* DiamondHacks.app */,
			);
			name = Products;
			sourceTree = "<group>";
		};
		BC455122222B1DED00799016 /* DiamondHacks */ = {
			isa = PBXGroup;
			children = (
				BC1D81A6222B327F00A568A3 /* API.swift */,
				BC1D81A2222B30CE00A568A3 /* schema.json */,
				BC455123222B1DED00799016 /* AppDelegate.swift */,
				BC455125222B1DED00799016 /* ViewController.swift */,
				BC455127222B1DED00799016 /* Main.storyboard */,
				BC45512A222B1DEE00799016 /* Assets.xcassets */,
				BC45512C222B1DEE00799016 /* LaunchScreen.storyboard */,
				BC45512F222B1DEE00799016 /* Info.plist */,
				BC1D81A4222B312F00A568A3 /* api.graphql */,
			);
			path = DiamondHacks;
			sourceTree = "<group>";
		};
		DBF57F01A5B60B3C8C1C737B /* Frameworks */ = {
			isa = PBXGroup;
			children = (
				0512DDD646597CE3530989A1 /* Pods_DiamondHacks.framework */,
			);
			name = Frameworks;
			sourceTree = "<group>";
		};
/* End PBXGroup section */

/* Begin PBXNativeTarget section */
		BC45511F222B1DED00799016 /* DiamondHacks */ = {
			isa = PBXNativeTarget;
			buildConfigurationList = BC455132222B1DEE00799016 /* Build configuration list for PBXNativeTarget "DiamondHacks" */;
			buildPhases = (
				E0D8FF4489FED1926AA23E08 /* [CP] Check Pods Manifest.lock */,
				BC1D81A1222B302300A568A3 /* Apollo */,
				BC45511C222B1DED00799016 /* Sources */,
				BC45511D222B1DED00799016 /* Frameworks */,
				BC45511E222B1DED00799016 /* Resources */,
				B20E2F3ED68E0C41B96580E9 /* [CP] Embed Pods Frameworks */,
			);
			buildRules = (
			);
			dependencies = (
			);
			name = DiamondHacks;
			productName = DiamondHacks;
			productReference = BC455120222B1DED00799016 /* DiamondHacks.app */;
			productType = "com.apple.product-type.application";
		};
/* End PBXNativeTarget section */

/* Begin PBXProject section */
		BC455118222B1DED00799016 /* Project object */ = {
			isa = PBXProject;
			attributes = {
				LastSwiftUpdateCheck = 1010;
				LastUpgradeCheck = 1010;
				ORGANIZATIONNAME = RootManagement;
				TargetAttributes = {
					BC45511F222B1DED00799016 = {
						CreatedOnToolsVersion = 10.1;
					};
				};
			};
			buildConfigurationList = BC45511B222B1DED00799016 /* Build configuration list for PBXProject "DiamondHacks" */;
			compatibilityVersion = "Xcode 9.3";
			developmentRegion = en;
			hasScannedForEncodings = 0;
			knownRegions = (
				en,
				Base,
			);
			mainGroup = BC455117222B1DED00799016;
			productRefGroup = BC455121222B1DED00799016 /* Products */;
			projectDirPath = "";
			projectRoot = "";
			targets = (
				BC45511F222B1DED00799016 /* DiamondHacks */,
			);
		};
/* End PBXProject section */

/* Begin PBXResourcesBuildPhase section */
		BC45511E222B1DED00799016 /* Resources */ = {
			isa = PBXResourcesBuildPhase;
			buildActionMask = 2147483647;
			files = (
				BC1D81A5222B312F00A568A3 /* api.graphql in Resources */,
				BC1D81A3222B30CE00A568A3 /* schema.json in Resources */,
				BC45512E222B1DEE00799016 /* LaunchScreen.storyboard in Resources */,
				BC45512B222B1DEE00799016 /* Assets.xcassets in Resources */,
				BC455129222B1DED00799016 /* Main.storyboard in Resources */,
			);
			runOnlyForDeploymentPostprocessing = 0;
		};
/* End PBXResourcesBuildPhase section */

/* Begin PBXShellScriptBuildPhase section */
		B20E2F3ED68E0C41B96580E9 /* [CP] Embed Pods Frameworks */ = {
			isa = PBXShellScriptBuildPhase;
			buildActionMask = 2147483647;
			files = (
			);
			inputFileListPaths = (
			);
			inputPaths = (
				"${SRCROOT}/Pods/Target Support Files/Pods-DiamondHacks/Pods-DiamondHacks-frameworks.sh",
				"${BUILT_PRODUCTS_DIR}/Apollo/Apollo.framework",
				"${BUILT_PRODUCTS_DIR}/IQKeyboardManagerSwift/IQKeyboardManagerSwift.framework",
			);
			name = "[CP] Embed Pods Frameworks";
			outputFileListPaths = (
			);
			outputPaths = (
				"${TARGET_BUILD_DIR}/${FRAMEWORKS_FOLDER_PATH}/Apollo.framework",
				"${TARGET_BUILD_DIR}/${FRAMEWORKS_FOLDER_PATH}/IQKeyboardManagerSwift.framework",
			);
			runOnlyForDeploymentPostprocessing = 0;
			shellPath = /bin/sh;
			shellScript = "\"${SRCROOT}/Pods/Target Support Files/Pods-DiamondHacks/Pods-DiamondHacks-frameworks.sh\"\n";
			showEnvVarsInLog = 0;
		};
		BC1D81A1222B302300A568A3 /* Apollo */ = {
			isa = PBXShellScriptBuildPhase;
			buildActionMask = 2147483647;
			files = (
			);
			inputFileListPaths = (
			);
			inputPaths = (
			);
			name = Apollo;
			outputFileListPaths = (
			);
			outputPaths = (
			);
			runOnlyForDeploymentPostprocessing = 0;
			shellPath = /bin/sh;
			shellScript = "APOLLO_FRAMEWORK_PATH=\"$(eval find $FRAMEWORK_SEARCH_PATHS -name \"Apollo.framework\" -maxdepth 1)\"\n\nif [ -z \"$APOLLO_FRAMEWORK_PATH\" ]; then\necho \"error: Couldn't find Apollo.framework in FRAMEWORK_SEARCH_PATHS; make sure to add the framework to your project.\"\nexit 1\nfi\n\ncd \"${SRCROOT}/${TARGET_NAME}\"\n$APOLLO_FRAMEWORK_PATH/check-and-run-apollo-cli.sh codegen:generate --queries=\"$(find . -name '*.graphql')\" --schema=schema.json API.swift\n\n";
		};
		E0D8FF4489FED1926AA23E08 /* [CP] Check Pods Manifest.lock */ = {
			isa = PBXShellScriptBuildPhase;
			buildActionMask = 2147483647;
			files = (
			);
			inputFileListPaths = (
			);
			inputPaths = (
				"${PODS_PODFILE_DIR_PATH}/Podfile.lock",
				"${PODS_ROOT}/Manifest.lock",
			);
			name = "[CP] Check Pods Manifest.lock";
			outputFileListPaths = (
			);
			outputPaths = (
				"$(DERIVED_FILE_DIR)/Pods-DiamondHacks-checkManifestLockResult.txt",
			);
			runOnlyForDeploymentPostprocessing = 0;
			shellPath = /bin/sh;
			shellScript = "diff \"${PODS_PODFILE_DIR_PATH}/Podfile.lock\" \"${PODS_ROOT}/Manifest.lock\" > /dev/null\nif [ $? != 0 ] ; then\n    # print error to STDERR\n    echo \"error: The sandbox is not in sync with the Podfile.lock. Run 'pod install' or update your CocoaPods installation.\" >&2\n    exit 1\nfi\n# This output is used by Xcode 'outputs' to avoid re-running this script phase.\necho \"SUCCESS\" > \"${SCRIPT_OUTPUT_FILE_0}\"\n";
			showEnvVarsInLog = 0;
		};
/* End PBXShellScriptBuildPhase section */

/* Begin PBXSourcesBuildPhase section */
		BC45511C222B1DED00799016 /* Sources */ = {
			isa = PBXSourcesBuildPhase;
			buildActionMask = 2147483647;
			files = (
				BC455126222B1DED00799016 /* ViewController.swift in Sources */,
				BC1D81A7222B327F00A568A3 /* API.swift in Sources */,
				BC455124222B1DED00799016 /* AppDelegate.swift in Sources */,
			);
			runOnlyForDeploymentPostprocessing = 0;
		};
/* End PBXSourcesBuildPhase section */

/* Begin PBXVariantGroup section */
		BC455127222B1DED00799016 /* Main.storyboard */ = {
			isa = PBXVariantGroup;
			children = (
				BC455128222B1DED00799016 /* Base */,
			);
			name = Main.storyboard;
			sourceTree = "<group>";
		};
		BC45512C222B1DEE00799016 /* LaunchScreen.storyboard */ = {
			isa = PBXVariantGroup;
			children = (
				BC45512D222B1DEE00799016 /* Base */,
			);
			name = LaunchScreen.storyboard;
			sourceTree = "<group>";
		};
/* End PBXVariantGroup section */

/* Begin XCBuildConfiguration section */
		BC455130222B1DEE00799016 /* Debug */ = {
			isa = XCBuildConfiguration;
			buildSettings = {
				ALWAYS_SEARCH_USER_PATHS = NO;
				CLANG_ANALYZER_NONNULL = YES;
				CLANG_ANALYZER_NUMBER_OBJECT_CONVERSION = YES_AGGRESSIVE;
				CLANG_CXX_LANGUAGE_STANDARD = "gnu++14";
				CLANG_CXX_LIBRARY = "libc++";
				CLANG_ENABLE_MODULES = YES;
				CLANG_ENABLE_OBJC_ARC = YES;
				CLANG_ENABLE_OBJC_WEAK = YES;
				CLANG_WARN_BLOCK_CAPTURE_AUTORELEASING = YES;
				CLANG_WARN_BOOL_CONVERSION = YES;
				CLANG_WARN_COMMA = YES;
				CLANG_WARN_CONSTANT_CONVERSION = YES;
				CLANG_WARN_DEPRECATED_OBJC_IMPLEMENTATIONS = YES;
				CLANG_WARN_DIRECT_OBJC_ISA_USAGE = YES_ERROR;
				CLANG_WARN_DOCUMENTATION_COMMENTS = YES;
				CLANG_WARN_EMPTY_BODY = YES;
				CLANG_WARN_ENUM_CONVERSION = YES;
				CLANG_WARN_INFINITE_RECURSION = YES;
				CLANG_WARN_INT_CONVERSION = YES;
				CLANG_WARN_NON_LITERAL_NULL_CONVERSION = YES;
				CLANG_WARN_OBJC_IMPLICIT_RETAIN_SELF = YES;
				CLANG_WARN_OBJC_LITERAL_CONVERSION = YES;
				CLANG_WARN_OBJC_ROOT_CLASS = YES_ERROR;
				CLANG_WARN_RANGE_LOOP_ANALYSIS = YES;
				CLANG_WARN_STRICT_PROTOTYPES = YES;
				CLANG_WARN_SUSPICIOUS_MOVE = YES;
				CLANG_WARN_UNGUARDED_AVAILABILITY = YES_AGGRESSIVE;
				CLANG_WARN_UNREACHABLE_CODE = YES;
				CLANG_WARN__DUPLICATE_METHOD_MATCH = YES;
				CODE_SIGN_IDENTITY = "iPhone Developer";
				COPY_PHASE_STRIP = NO;
				DEBUG_INFORMATION_FORMAT = dwarf;
				ENABLE_STRICT_OBJC_MSGSEND = YES;
				ENABLE_TESTABILITY = YES;
				GCC_C_LANGUAGE_STANDARD = gnu11;
				GCC_DYNAMIC_NO_PIC = NO;
				GCC_NO_COMMON_BLOCKS = YES;
				GCC_OPTIMIZATION_LEVEL = 0;
				GCC_PREPROCESSOR_DEFINITIONS = (
					"DEBUG=1",
					"$(inherited)",
				);
				GCC_WARN_64_TO_32_BIT_CONVERSION = YES;
				GCC_WARN_ABOUT_RETURN_TYPE = YES_ERROR;
				GCC_WARN_UNDECLARED_SELECTOR = YES;
				GCC_WARN_UNINITIALIZED_AUTOS = YES_AGGRESSIVE;
				GCC_WARN_UNUSED_FUNCTION = YES;
				GCC_WARN_UNUSED_VARIABLE = YES;
				IPHONEOS_DEPLOYMENT_TARGET = 12.1;
				MTL_ENABLE_DEBUG_INFO = INCLUDE_SOURCE;
				MTL_FAST_MATH = YES;
				ONLY_ACTIVE_ARCH = YES;
				SDKROOT = iphoneos;
				SWIFT_ACTIVE_COMPILATION_CONDITIONS = DEBUG;
				SWIFT_OPTIMIZATION_LEVEL = "-Onone";
			};
			name = Debug;
		};
		BC455131222B1DEE00799016 /* Release */ = {
			isa = XCBuildConfiguration;
			buildSettings = {
				ALWAYS_SEARCH_USER_PATHS = NO;
				CLANG_ANALYZER_NONNULL = YES;
				CLANG_ANALYZER_NUMBER_OBJECT_CONVERSION = YES_AGGRESSIVE;
				CLANG_CXX_LANGUAGE_STANDARD = "gnu++14";
				CLANG_CXX_LIBRARY = "libc++";
				CLANG_ENABLE_MODULES = YES;
				CLANG_ENABLE_OBJC_ARC = YES;
				CLANG_ENABLE_OBJC_WEAK = YES;
				CLANG_WARN_BLOCK_CAPTURE_AUTORELEASING = YES;
				CLANG_WARN_BOOL_CONVERSION = YES;
				CLANG_WARN_COMMA = YES;
				CLANG_WARN_CONSTANT_CONVERSION = YES;
				CLANG_WARN_DEPRECATED_OBJC_IMPLEMENTATIONS = YES;
				CLANG_WARN_DIRECT_OBJC_ISA_USAGE = YES_ERROR;
				CLANG_WARN_DOCUMENTATION_COMMENTS = YES;
				CLANG_WARN_EMPTY_BODY = YES;
				CLANG_WARN_ENUM_CONVERSION = YES;
				CLANG_WARN_INFINITE_RECURSION = YES;
				CLANG_WARN_INT_CONVERSION = YES;
				CLANG_WARN_NON_LITERAL_NULL_CONVERSION = YES;
				CLANG_WARN_OBJC_IMPLICIT_RETAIN_SELF = YES;
				CLANG_WARN_OBJC_LITERAL_CONVERSION = YES;
				CLANG_WARN_OBJC_ROOT_CLASS = YES_ERROR;
				CLANG_WARN_RANGE_LOOP_ANALYSIS = YES;
				CLANG_WARN_STRICT_PROTOTYPES = YES;
				CLANG_WARN_SUSPICIOUS_MOVE = YES;
				CLANG_WARN_UNGUARDED_AVAILABILITY = YES_AGGRESSIVE;
				CLANG_WARN_UNREACHABLE_CODE = YES;
				CLANG_WARN__DUPLICATE_METHOD_MATCH = YES;
				CODE_SIGN_IDENTITY = "iPhone Developer";
				COPY_PHASE_STRIP = NO;
				DEBUG_INFORMATION_FORMAT = "dwarf-with-dsym";
				ENABLE_NS_ASSERTIONS = NO;
				ENABLE_STRICT_OBJC_MSGSEND = YES;
				GCC_C_LANGUAGE_STANDARD = gnu11;
				GCC_NO_COMMON_BLOCKS = YES;
				GCC_WARN_64_TO_32_BIT_CONVERSION = YES;
				GCC_WARN_ABOUT_RETURN_TYPE = YES_ERROR;
				GCC_WARN_UNDECLARED_SELECTOR = YES;
				GCC_WARN_UNINITIALIZED_AUTOS = YES_AGGRESSIVE;
				GCC_WARN_UNUSED_FUNCTION = YES;
				GCC_WARN_UNUSED_VARIABLE = YES;
				IPHONEOS_DEPLOYMENT_TARGET = 12.1;
				MTL_ENABLE_DEBUG_INFO = NO;
				MTL_FAST_MATH = YES;
				SDKROOT = iphoneos;
				SWIFT_COMPILATION_MODE = wholemodule;
				SWIFT_OPTIMIZATION_LEVEL = "-O";
				VALIDATE_PRODUCT = YES;
			};
			name = Release;
		};
		BC455133222B1DEE00799016 /* Debug */ = {
			isa = XCBuildConfiguration;
			baseConfigurationReference = 551C706B3998E8AF9AD3DA6E /* Pods-DiamondHacks.debug.xcconfig */;
			buildSettings = {
				ASSETCATALOG_COMPILER_APPICON_NAME = AppIcon;
				CODE_SIGN_STYLE = Automatic;
				DEVELOPMENT_TEAM = 6AF9EJM6PQ;
				INFOPLIST_FILE = DiamondHacks/Info.plist;
				LD_RUNPATH_SEARCH_PATHS = (
					"$(inherited)",
					"@executable_path/Frameworks",
				);
				PRODUCT_BUNDLE_IDENTIFIER = com.rootmanagement.DiamondHacks;
				PRODUCT_NAME = "$(TARGET_NAME)";
				SWIFT_VERSION = 4.2;
				TARGETED_DEVICE_FAMILY = "1,2";
			};
			name = Debug;
		};
		BC455134222B1DEE00799016 /* Release */ = {
			isa = XCBuildConfiguration;
			baseConfigurationReference = D4CE95BC5A0DAA9562F99F2C /* Pods-DiamondHacks.release.xcconfig */;
			buildSettings = {
				ASSETCATALOG_COMPILER_APPICON_NAME = AppIcon;
				CODE_SIGN_STYLE = Automatic;
				DEVELOPMENT_TEAM = 6AF9EJM6PQ;
				INFOPLIST_FILE = DiamondHacks/Info.plist;
				LD_RUNPATH_SEARCH_PATHS = (
					"$(inherited)",
					"@executable_path/Frameworks",
				);
				PRODUCT_BUNDLE_IDENTIFIER = com.rootmanagement.DiamondHacks;
				PRODUCT_NAME = "$(TARGET_NAME)";
				SWIFT_VERSION = 4.2;
				TARGETED_DEVICE_FAMILY = "1,2";
			};
			name = Release;
		};
/* End XCBuildConfiguration section */

/* Begin XCConfigurationList section */
		BC45511B222B1DED00799016 /* Build configuration list for PBXProject "DiamondHacks" */ = {
			isa = XCConfigurationList;
			buildConfigurations = (
				BC455130222B1DEE00799016 /* Debug */,
				BC455131222B1DEE00799016 /* Release */,
			);
			defaultConfigurationIsVisible = 0;
			defaultConfigurationName = Release;
		};
		BC455132222B1DEE00799016 /* Build configuration list for PBXNativeTarget "DiamondHacks" */ = {
			isa = XCConfigurationList;
			buildConfigurations = (
				BC455133222B1DEE00799016 /* Debug */,
				BC455134222B1DEE00799016 /* Release */,
			);
			defaultConfigurationIsVisible = 0;
			defaultConfigurationName = Release;
		};
/* End XCConfigurationList section */
	};
	rootObject = BC455118222B1DED00799016 /* Project object */;
}
